
Microsoft Visual Studio Solution File, Format Version 12.00
# Visual Studio Version 17
VisualStudioVersion = 17.4.33205.214
MinimumVisualStudioVersion = 10.0.40219.1
Project("{FAE04EC0-301F-11D3-BF4B-00C04F79EFBC}") = "perfect numbers finder", "perfect numbers finder.csproj", "{BEB1C55B-4825-40E9-915B-0F7753935A42}"
EndProject
Global
	GlobalSection(SolutionConfigurationPlatforms) = preSolution
		Debug|Any CPU = Debug|Any CPU
		Release|Any CPU = Release|Any CPU
	EndGlobalSection
	GlobalSection(ProjectConfigurationPlatforms) = postSolution
		{BEB1C55B-4825-40E9-915B-0F7753935A42}.Debug|Any CPU.ActiveCfg = Debug|Any CPU
		{BEB1C55B-4825-40E9-915B-0F7753935A42}.Debug|Any CPU.Build.0 = Debug|Any CPU
		{BEB1C55B-4825-40E9-915B-0F7753935A42}.Release|Any CPU.ActiveCfg = Release|Any CPU
		{BEB1C55B-4825-40E9-915B-0F7753935A42}.Release|Any CPU.Build.0 = Release|Any CPU
	EndGlobalSection
	GlobalSection(SolutionProperties) = preSolution
		HideSolutionNode = FALSE
	EndGlobalSection
	GlobalSection(ExtensibilityGlobals) = postSolution
		SolutionGuid = {481D9A06-8A51-48D4-AAF4-6EE4E7F37BD4}
	EndGlobalSection
EndGlobal
